
Microsoft Visual Studio Solution File, Format Version 12.00
# Visual Studio Version 16
VisualStudioVersion = 16.0.30413.136
MinimumVisualStudioVersion = 10.0.40219.1
Project("{FAE04EC0-301F-11D3-BF4B-00C04F79EFBC}") = "Proyecto.F", "Proyecto.F\Proyecto.F.csproj", "{3145492F-5036-48D0-A4B1-F2107DBEE35F}"
EndProject
Global
	GlobalSection(SolutionConfigurationPlatforms) = preSolution
		Debug|Any CPU = Debug|Any CPU
		Release|Any CPU = Release|Any CPU
	EndGlobalSection
	GlobalSection(ProjectConfigurationPlatforms) = postSolution
		{3145492F-5036-48D0-A4B1-F2107DBEE35F}.Debug|Any CPU.ActiveCfg = Debug|Any CPU
		{3145492F-5036-48D0-A4B1-F2107DBEE35F}.Debug|Any CPU.Build.0 = Debug|Any CPU
		{3145492F-5036-48D0-A4B1-F2107DBEE35F}.Release|Any CPU.ActiveCfg = Release|Any CPU
		{3145492F-5036-48D0-A4B1-F2107DBEE35F}.Release|Any CPU.Build.0 = Release|Any CPU
	EndGlobalSection
	GlobalSection(SolutionProperties) = preSolution
		HideSolutionNode = FALSE
	EndGlobalSection
	GlobalSection(ExtensibilityGlobals) = postSolution
		SolutionGuid = {9C23C2F5-734B-4696-A66E-2E501E9781D9}
	EndGlobalSection
EndGlobal
